
Microsoft Visual Studio Solution File, Format Version 12.00
# Visual Studio Version 17
VisualStudioVersion = 17.9.34728.123
MinimumVisualStudioVersion = 10.0.40219.1
Project("{2150E333-8FDC-42A3-9474-1A3956D46DE8}") = "Services", "Services", "{43869682-B389-4D7D-BD76-5DEE72276838}"
EndProject
Project("{2150E333-8FDC-42A3-9474-1A3956D46DE8}") = "WebApps", "WebApps", "{D17BDBC4-0632-4CC0-9D1E-B7A4D60BC6A9}"
EndProject
Project("{2150E333-8FDC-42A3-9474-1A3956D46DE8}") = "Cadastros", "Cadastros", "{C0B63C31-7AA9-4672-A03C-B7100BE13346}"
EndProject
Project("{2150E333-8FDC-42A3-9474-1A3956D46DE8}") = "Catalogo", "Catalogo", "{1C6145B5-A6B6-42D1-B8C3-F9B239FB9BDC}"
EndProject
Project("{2150E333-8FDC-42A3-9474-1A3956D46DE8}") = "Core", "Core", "{D3778E71-C05B-4831-8E4D-D1EFFB820FB3}"
EndProject
Project("{2150E333-8FDC-42A3-9474-1A3956D46DE8}") = "Fiscal", "Fiscal", "{1F920AE5-D8BD-468D-BD8C-5710B39B619B}"
EndProject
Project("{2150E333-8FDC-42A3-9474-1A3956D46DE8}") = "Pagamentos", "Pagamentos", "{20D7C0B7-B18D-4658-A471-449359351B02}"
EndProject
Project("{2150E333-8FDC-42A3-9474-1A3956D46DE8}") = "Vendas", "Vendas", "{A9DDB13A-BFB0-4C54-89AD-BE13BE79FB1C}"
EndProject
Project("{9A19103F-16F7-4668-BE54-9A1E7A4F7556}") = "NerdStore.Catalogo.Domain", "NerdStore.Catalogo.Domain\NerdStore.Catalogo.Domain.csproj", "{0D99E34E-CB47-473F-A3B4-BFAA05BAACE3}"
EndProject
Project("{9A19103F-16F7-4668-BE54-9A1E7A4F7556}") = "NerdStore.Core", "NerdStore.Core\NerdStore.Core.csproj", "{983487F2-87E3-470D-8314-3E56D703C857}"
EndProject
Project("{2150E333-8FDC-42A3-9474-1A3956D46DE8}") = "Tests", "Tests", "{18B1B100-1026-4C3B-A92B-FF90F6CC13FD}"
EndProject
Project("{9A19103F-16F7-4668-BE54-9A1E7A4F7556}") = "NerdStore.Catalogo.Domain.Tests", "NerdStore.Catalogo.Domain.Tests\NerdStore.Catalogo.Domain.Tests.csproj", "{02889011-37A1-4353-B94B-BFFB82DFA0AF}"
EndProject
Project("{9A19103F-16F7-4668-BE54-9A1E7A4F7556}") = "NerdStore.Catalogo.Data", "NerdStore.Catalog.Data\NerdStore.Catalogo.Data.csproj", "{5606290F-363C-444D-8A89-7188C156B7C7}"
EndProject
Project("{9A19103F-16F7-4668-BE54-9A1E7A4F7556}") = "NerdStore.Catologo.Application", "NerdStore.Catolog.Application\NerdStore.Catologo.Application.csproj", "{CA290944-AEA4-4C79-B50F-CD1FEBFF793A}"
EndProject
Project("{9A19103F-16F7-4668-BE54-9A1E7A4F7556}") = "NerdStore.WebApp.Mvc", "NerdStore.WebApp.Mvc\NerdStore.WebApp.Mvc.csproj", "{F6B7B662-4A2F-42D2-ADB1-FC15D45BE166}"
EndProject
Project("{9A19103F-16F7-4668-BE54-9A1E7A4F7556}") = "NerdStore.Vendas.Domain", "NerdStore.Vendas.Domain\NerdStore.Vendas.Domain.csproj", "{87B16A4E-3A72-4A27-A338-0170913DB52E}"
EndProject
Project("{9A19103F-16F7-4668-BE54-9A1E7A4F7556}") = "NerdStore.Vendas.Application", "NerdStore.Vendas.Application\NerdStore.Vendas.Application.csproj", "{0B3040E5-EA38-44EC-A393-2CE37A8338DA}"
EndProject
Project("{9A19103F-16F7-4668-BE54-9A1E7A4F7556}") = "NerdStore.Vendas.Data", "NerdStore.Vendas.Data\NerdStore.Vendas.Data.csproj", "{10641CAB-BA4E-4950-8326-A1393D5464F1}"
EndProject
Project("{FAE04EC0-301F-11D3-BF4B-00C04F79EFBC}") = "NerdStore.Pagamentos.AntiCorruption", "NerdStore.Pagamentos.AntiCorruption\NerdStore.Pagamentos.AntiCorruption.csproj", "{3A1EE649-659B-49DD-9C78-597FDC88DE3A}"
EndProject
Project("{FAE04EC0-301F-11D3-BF4B-00C04F79EFBC}") = "NerdStore.Pagamentos.Business", "NerdStore.Pagamentos.Business\NerdStore.Pagamentos.Business.csproj", "{8617DA9D-AD17-4AFE-8E08-EADF09DAAEAA}"
EndProject
Project("{FAE04EC0-301F-11D3-BF4B-00C04F79EFBC}") = "NerdStore.Pagamentos.Data", "NerdStore.Pagamentos.Data\NerdStore.Pagamentos.Data.csproj", "{3A8B40F1-1A01-4E85-A43F-BD7338AE05D2}"
EndProject
Global
	GlobalSection(SolutionConfigurationPlatforms) = preSolution
		Debug|Any CPU = Debug|Any CPU
		Release|Any CPU = Release|Any CPU
	EndGlobalSection
	GlobalSection(ProjectConfigurationPlatforms) = postSolution
		{0D99E34E-CB47-473F-A3B4-BFAA05BAACE3}.Debug|Any CPU.ActiveCfg = Debug|Any CPU
		{0D99E34E-CB47-473F-A3B4-BFAA05BAACE3}.Debug|Any CPU.Build.0 = Debug|Any CPU
		{0D99E34E-CB47-473F-A3B4-BFAA05BAACE3}.Release|Any CPU.ActiveCfg = Release|Any CPU
		{0D99E34E-CB47-473F-A3B4-BFAA05BAACE3}.Release|Any CPU.Build.0 = Release|Any CPU
		{983487F2-87E3-470D-8314-3E56D703C857}.Debug|Any CPU.ActiveCfg = Debug|Any CPU
		{983487F2-87E3-470D-8314-3E56D703C857}.Debug|Any CPU.Build.0 = Debug|Any CPU
		{983487F2-87E3-470D-8314-3E56D703C857}.Release|Any CPU.ActiveCfg = Release|Any CPU
		{983487F2-87E3-470D-8314-3E56D703C857}.Release|Any CPU.Build.0 = Release|Any CPU
		{02889011-37A1-4353-B94B-BFFB82DFA0AF}.Debug|Any CPU.ActiveCfg = Debug|Any CPU
		{02889011-37A1-4353-B94B-BFFB82DFA0AF}.Debug|Any CPU.Build.0 = Debug|Any CPU
		{02889011-37A1-4353-B94B-BFFB82DFA0AF}.Release|Any CPU.ActiveCfg = Release|Any CPU
		{02889011-37A1-4353-B94B-BFFB82DFA0AF}.Release|Any CPU.Build.0 = Release|Any CPU
		{5606290F-363C-444D-8A89-7188C156B7C7}.Debug|Any CPU.ActiveCfg = Debug|Any CPU
		{5606290F-363C-444D-8A89-7188C156B7C7}.Debug|Any CPU.Build.0 = Debug|Any CPU
		{5606290F-363C-444D-8A89-7188C156B7C7}.Release|Any CPU.ActiveCfg = Release|Any CPU
		{5606290F-363C-444D-8A89-7188C156B7C7}.Release|Any CPU.Build.0 = Release|Any CPU
		{CA290944-AEA4-4C79-B50F-CD1FEBFF793A}.Debug|Any CPU.ActiveCfg = Debug|Any CPU
		{CA290944-AEA4-4C79-B50F-CD1FEBFF793A}.Debug|Any CPU.Build.0 = Debug|Any CPU
		{CA290944-AEA4-4C79-B50F-CD1FEBFF793A}.Release|Any CPU.ActiveCfg = Release|Any CPU
		{CA290944-AEA4-4C79-B50F-CD1FEBFF793A}.Release|Any CPU.Build.0 = Release|Any CPU
		{F6B7B662-4A2F-42D2-ADB1-FC15D45BE166}.Debug|Any CPU.ActiveCfg = Debug|Any CPU
		{F6B7B662-4A2F-42D2-ADB1-FC15D45BE166}.Debug|Any CPU.Build.0 = Debug|Any CPU
		{F6B7B662-4A2F-42D2-ADB1-FC15D45BE166}.Release|Any CPU.ActiveCfg = Release|Any CPU
		{F6B7B662-4A2F-42D2-ADB1-FC15D45BE166}.Release|Any CPU.Build.0 = Release|Any CPU
		{87B16A4E-3A72-4A27-A338-0170913DB52E}.Debug|Any CPU.ActiveCfg = Debug|Any CPU
		{87B16A4E-3A72-4A27-A338-0170913DB52E}.Debug|Any CPU.Build.0 = Debug|Any CPU
		{87B16A4E-3A72-4A27-A338-0170913DB52E}.Release|Any CPU.ActiveCfg = Release|Any CPU
		{87B16A4E-3A72-4A27-A338-0170913DB52E}.Release|Any CPU.Build.0 = Release|Any CPU
		{0B3040E5-EA38-44EC-A393-2CE37A8338DA}.Debug|Any CPU.ActiveCfg = Debug|Any CPU
		{0B3040E5-EA38-44EC-A393-2CE37A8338DA}.Debug|Any CPU.Build.0 = Debug|Any CPU
		{0B3040E5-EA38-44EC-A393-2CE37A8338DA}.Release|Any CPU.ActiveCfg = Release|Any CPU
		{0B3040E5-EA38-44EC-A393-2CE37A8338DA}.Release|Any CPU.Build.0 = Release|Any CPU
		{10641CAB-BA4E-4950-8326-A1393D5464F1}.Debug|Any CPU.ActiveCfg = Debug|Any CPU
		{10641CAB-BA4E-4950-8326-A1393D5464F1}.Debug|Any CPU.Build.0 = Debug|Any CPU
		{10641CAB-BA4E-4950-8326-A1393D5464F1}.Release|Any CPU.ActiveCfg = Release|Any CPU
		{10641CAB-BA4E-4950-8326-A1393D5464F1}.Release|Any CPU.Build.0 = Release|Any CPU
		{3A1EE649-659B-49DD-9C78-597FDC88DE3A}.Debug|Any CPU.ActiveCfg = Debug|Any CPU
		{3A1EE649-659B-49DD-9C78-597FDC88DE3A}.Debug|Any CPU.Build.0 = Debug|Any CPU
		{3A1EE649-659B-49DD-9C78-597FDC88DE3A}.Release|Any CPU.ActiveCfg = Release|Any CPU
		{3A1EE649-659B-49DD-9C78-597FDC88DE3A}.Release|Any CPU.Build.0 = Release|Any CPU
		{8617DA9D-AD17-4AFE-8E08-EADF09DAAEAA}.Debug|Any CPU.ActiveCfg = Debug|Any CPU
		{8617DA9D-AD17-4AFE-8E08-EADF09DAAEAA}.Debug|Any CPU.Build.0 = Debug|Any CPU
		{8617DA9D-AD17-4AFE-8E08-EADF09DAAEAA}.Release|Any CPU.ActiveCfg = Release|Any CPU
		{8617DA9D-AD17-4AFE-8E08-EADF09DAAEAA}.Release|Any CPU.Build.0 = Release|Any CPU
		{3A8B40F1-1A01-4E85-A43F-BD7338AE05D2}.Debug|Any CPU.ActiveCfg = Debug|Any CPU
		{3A8B40F1-1A01-4E85-A43F-BD7338AE05D2}.Debug|Any CPU.Build.0 = Debug|Any CPU
		{3A8B40F1-1A01-4E85-A43F-BD7338AE05D2}.Release|Any CPU.ActiveCfg = Release|Any CPU
		{3A8B40F1-1A01-4E85-A43F-BD7338AE05D2}.Release|Any CPU.Build.0 = Release|Any CPU
	EndGlobalSection
	GlobalSection(SolutionProperties) = preSolution
		HideSolutionNode = FALSE
	EndGlobalSection
	GlobalSection(NestedProjects) = preSolution
		{C0B63C31-7AA9-4672-A03C-B7100BE13346} = {43869682-B389-4D7D-BD76-5DEE72276838}
		{1C6145B5-A6B6-42D1-B8C3-F9B239FB9BDC} = {43869682-B389-4D7D-BD76-5DEE72276838}
		{D3778E71-C05B-4831-8E4D-D1EFFB820FB3} = {43869682-B389-4D7D-BD76-5DEE72276838}
		{1F920AE5-D8BD-468D-BD8C-5710B39B619B} = {43869682-B389-4D7D-BD76-5DEE72276838}
		{20D7C0B7-B18D-4658-A471-449359351B02} = {43869682-B389-4D7D-BD76-5DEE72276838}
		{A9DDB13A-BFB0-4C54-89AD-BE13BE79FB1C} = {43869682-B389-4D7D-BD76-5DEE72276838}
		{0D99E34E-CB47-473F-A3B4-BFAA05BAACE3} = {1C6145B5-A6B6-42D1-B8C3-F9B239FB9BDC}
		{983487F2-87E3-470D-8314-3E56D703C857} = {D3778E71-C05B-4831-8E4D-D1EFFB820FB3}
		{18B1B100-1026-4C3B-A92B-FF90F6CC13FD} = {1C6145B5-A6B6-42D1-B8C3-F9B239FB9BDC}
		{02889011-37A1-4353-B94B-BFFB82DFA0AF} = {18B1B100-1026-4C3B-A92B-FF90F6CC13FD}
		{5606290F-363C-444D-8A89-7188C156B7C7} = {1C6145B5-A6B6-42D1-B8C3-F9B239FB9BDC}
		{CA290944-AEA4-4C79-B50F-CD1FEBFF793A} = {1C6145B5-A6B6-42D1-B8C3-F9B239FB9BDC}
		{F6B7B662-4A2F-42D2-ADB1-FC15D45BE166} = {D17BDBC4-0632-4CC0-9D1E-B7A4D60BC6A9}
		{87B16A4E-3A72-4A27-A338-0170913DB52E} = {A9DDB13A-BFB0-4C54-89AD-BE13BE79FB1C}
		{0B3040E5-EA38-44EC-A393-2CE37A8338DA} = {A9DDB13A-BFB0-4C54-89AD-BE13BE79FB1C}
		{10641CAB-BA4E-4950-8326-A1393D5464F1} = {A9DDB13A-BFB0-4C54-89AD-BE13BE79FB1C}
		{3A1EE649-659B-49DD-9C78-597FDC88DE3A} = {20D7C0B7-B18D-4658-A471-449359351B02}
		{8617DA9D-AD17-4AFE-8E08-EADF09DAAEAA} = {20D7C0B7-B18D-4658-A471-449359351B02}
		{3A8B40F1-1A01-4E85-A43F-BD7338AE05D2} = {20D7C0B7-B18D-4658-A471-449359351B02}
	EndGlobalSection
	GlobalSection(ExtensibilityGlobals) = postSolution
		SolutionGuid = {80FFB9A4-E9ED-463F-9A5A-931D4070EC5C}
	EndGlobalSection
EndGlobal
